
Microsoft Visual Studio Solution File, Format Version 12.00
# Visual Studio Version 16
VisualStudioVersion = 16.0.31005.135
MinimumVisualStudioVersion = 10.0.40219.1
Project("{FAE04EC0-301F-11D3-BF4B-00C04F79EFBC}") = "Editor", "PBXEdit\Editor.csproj", "{DABFCF90-D66C-4AB5-A63D-BFA951831778}"
EndProject
Project("{D954291E-2A0B-460D-934E-DC6B0785DB48}") = "PBX", "PBX\PBX.shproj", "{7874F05C-1B9D-4818-BF62-4A72DBB5B5F6}"
EndProject
Global
	GlobalSection(SharedMSBuildProjectFiles) = preSolution
		PBX\PBX.projitems*{7874f05c-1b9d-4818-bf62-4a72dbb5b5f6}*SharedItemsImports = 13
		PBX\PBX.projitems*{dabfcf90-d66c-4ab5-a63d-bfa951831778}*SharedItemsImports = 4
	EndGlobalSection
	GlobalSection(SolutionConfigurationPlatforms) = preSolution
		Debug|Any CPU = Debug|Any CPU
		Release|Any CPU = Release|Any CPU
	EndGlobalSection
	GlobalSection(ProjectConfigurationPlatforms) = postSolution
		{DABFCF90-D66C-4AB5-A63D-BFA951831778}.Debug|Any CPU.ActiveCfg = Debug|Any CPU
		{DABFCF90-D66C-4AB5-A63D-BFA951831778}.Debug|Any CPU.Build.0 = Debug|Any CPU
		{DABFCF90-D66C-4AB5-A63D-BFA951831778}.Release|Any CPU.ActiveCfg = Release|Any CPU
		{DABFCF90-D66C-4AB5-A63D-BFA951831778}.Release|Any CPU.Build.0 = Release|Any CPU
	EndGlobalSection
	GlobalSection(SolutionProperties) = preSolution
		HideSolutionNode = FALSE
	EndGlobalSection
	GlobalSection(ExtensibilityGlobals) = postSolution
		SolutionGuid = {F92F4AAC-3AC8-4296-A8E9-25A84B1CDD2C}
	EndGlobalSection
EndGlobal
